
Microsoft Visual Studio Solution File, Format Version 12.00
Project("{FAE04EC0-301F-11D3-BF4B-00C04F79EFBC}") = "UFX.Relay", "src\UFX.Relay\UFX.Relay.csproj", "{0F17BEA7-9BE1-4B6E-A49E-C46D27667128}"
EndProject
Project("{FAE04EC0-301F-11D3-BF4B-00C04F79EFBC}") = "Sample.Server", "samples\Sample.Server\Sample.Server.csproj", "{303F63AD-4FD9-4054-8DC8-0D411E2130A7}"
EndProject
Project("{FAE04EC0-301F-11D3-BF4B-00C04F79EFBC}") = "Sample.Client", "samples\Sample.Client\Sample.Client.csproj", "{6D5E932E-0DA2-4551-97EA-C9D8339CBFD7}"
EndProject
Project("{2150E333-8FDC-42A3-9474-1A3956D46DE8}") = "Samples", "Samples", "{FDE577E6-572F-44FE-BF55-5B6AC8EDBB5B}"
EndProject
Project("{2150E333-8FDC-42A3-9474-1A3956D46DE8}") = "Service", "Service", "{39C55B23-E79F-4407-82A9-A4210ECA8B0E}"
EndProject
Project("{FAE04EC0-301F-11D3-BF4B-00C04F79EFBC}") = "Host", "samples\Service\Host\Host.csproj", "{ACD1CFB1-400F-48E1-8796-F4ED31FAA25B}"
EndProject
Project("{FAE04EC0-301F-11D3-BF4B-00C04F79EFBC}") = "Agent", "samples\Service\Agent\Agent.csproj", "{7796F696-7686-4A84-9970-63C95313F75B}"
EndProject
Project("{2150E333-8FDC-42A3-9474-1A3956D46DE8}") = "SolutionItems", "SolutionItems", "{13987E61-EF4C-4E82-95D7-C736D27F90FE}"
	ProjectSection(SolutionItems) = preProject
		Directory.Build.props = Directory.Build.props
	EndProjectSection
EndProject
Global
	GlobalSection(SolutionConfigurationPlatforms) = preSolution
		Debug|Any CPU = Debug|Any CPU
		Release|Any CPU = Release|Any CPU
	EndGlobalSection
	GlobalSection(ProjectConfigurationPlatforms) = postSolution
		{0F17BEA7-9BE1-4B6E-A49E-C46D27667128}.Debug|Any CPU.ActiveCfg = Debug|Any CPU
		{0F17BEA7-9BE1-4B6E-A49E-C46D27667128}.Debug|Any CPU.Build.0 = Debug|Any CPU
		{0F17BEA7-9BE1-4B6E-A49E-C46D27667128}.Release|Any CPU.ActiveCfg = Release|Any CPU
		{0F17BEA7-9BE1-4B6E-A49E-C46D27667128}.Release|Any CPU.Build.0 = Release|Any CPU
		{303F63AD-4FD9-4054-8DC8-0D411E2130A7}.Debug|Any CPU.ActiveCfg = Debug|Any CPU
		{303F63AD-4FD9-4054-8DC8-0D411E2130A7}.Release|Any CPU.ActiveCfg = Release|Any CPU
		{303F63AD-4FD9-4054-8DC8-0D411E2130A7}.Debug|Any CPU.Build.0 = Debug|Any CPU
		{303F63AD-4FD9-4054-8DC8-0D411E2130A7}.Release|Any CPU.Build.0 = Release|Any CPU
		{6D5E932E-0DA2-4551-97EA-C9D8339CBFD7}.Debug|Any CPU.ActiveCfg = Debug|Any CPU
		{6D5E932E-0DA2-4551-97EA-C9D8339CBFD7}.Release|Any CPU.ActiveCfg = Release|Any CPU
		{6D5E932E-0DA2-4551-97EA-C9D8339CBFD7}.Debug|Any CPU.Build.0 = Debug|Any CPU
		{6D5E932E-0DA2-4551-97EA-C9D8339CBFD7}.Release|Any CPU.Build.0 = Release|Any CPU
		{ACD1CFB1-400F-48E1-8796-F4ED31FAA25B}.Debug|Any CPU.ActiveCfg = Debug|Any CPU
		{ACD1CFB1-400F-48E1-8796-F4ED31FAA25B}.Debug|Any CPU.Build.0 = Debug|Any CPU
		{ACD1CFB1-400F-48E1-8796-F4ED31FAA25B}.Release|Any CPU.ActiveCfg = Release|Any CPU
		{ACD1CFB1-400F-48E1-8796-F4ED31FAA25B}.Release|Any CPU.Build.0 = Release|Any CPU
		{7796F696-7686-4A84-9970-63C95313F75B}.Debug|Any CPU.ActiveCfg = Debug|Any CPU
		{7796F696-7686-4A84-9970-63C95313F75B}.Release|Any CPU.ActiveCfg = Release|Any CPU
		{7796F696-7686-4A84-9970-63C95313F75B}.Debug|Any CPU.Build.0 = Debug|Any CPU
		{7796F696-7686-4A84-9970-63C95313F75B}.Release|Any CPU.Build.0 = Release|Any CPU
	EndGlobalSection
	GlobalSection(NestedProjects) = preSolution
		{6D5E932E-0DA2-4551-97EA-C9D8339CBFD7} = {FDE577E6-572F-44FE-BF55-5B6AC8EDBB5B}
		{303F63AD-4FD9-4054-8DC8-0D411E2130A7} = {FDE577E6-572F-44FE-BF55-5B6AC8EDBB5B}
		{39C55B23-E79F-4407-82A9-A4210ECA8B0E} = {FDE577E6-572F-44FE-BF55-5B6AC8EDBB5B}
		{ACD1CFB1-400F-48E1-8796-F4ED31FAA25B} = {39C55B23-E79F-4407-82A9-A4210ECA8B0E}
		{7796F696-7686-4A84-9970-63C95313F75B} = {39C55B23-E79F-4407-82A9-A4210ECA8B0E}
	EndGlobalSection
EndGlobal
